// !$*UTF8*$!
{
	archiveVersion = 1;
	classes = {
	};
	objectVersion = 46;
	objects = {

/* Begin PBXBuildFile section */
		66123F881B6F537C00F1A3B3 /* DevicesTableViewController.m in Sources */ = {isa = PBXBuildFile; fileRef = 66123F871B6F537C00F1A3B3 /* DevicesTableViewController.m */; };
		66123F8B1B6F53FF00F1A3B3 /* FeatureListTableViewController.m in Sources */ = {isa = PBXBuildFile; fileRef = 66123F8A1B6F53FF00F1A3B3 /* FeatureListTableViewController.m */; };
		66123F8F1B6F555B00F1A3B3 /* MBProgressHUD.m in Sources */ = {isa = PBXBuildFile; fileRef = 66123F8E1B6F555B00F1A3B3 /* MBProgressHUD.m */; };
		66123F921B6F55FE00F1A3B3 /* DeviceTableViewCell.m in Sources */ = {isa = PBXBuildFile; fileRef = 66123F911B6F55FE00F1A3B3 /* DeviceTableViewCell.m */; };
		662B58821B6F87ED000F5072 /* SettingsTableViewController.m in Sources */ = {isa = PBXBuildFile; fileRef = 662B58811B6F87ED000F5072 /* SettingsTableViewController.m */; };
		664335861B6F6E42001B63DE /* ConsoleViewController.m in Sources */ = {isa = PBXBuildFile; fileRef = 664335851B6F6E42001B63DE /* ConsoleViewController.m */; };
		66E7BF381B6F4C3B005CB59E /* main.m in Sources */ = {isa = PBXBuildFile; fileRef = 66E7BF371B6F4C3B005CB59E /* main.m */; };
		66E7BF3B1B6F4C3B005CB59E /* AppDelegate.m in Sources */ = {isa = PBXBuildFile; fileRef = 66E7BF3A1B6F4C3B005CB59E /* AppDelegate.m */; };
		66E7BF411B6F4C3B005CB59E /* Main.storyboard in Resources */ = {isa = PBXBuildFile; fileRef = 66E7BF3F1B6F4C3B005CB59E /* Main.storyboard */; };
		66E7BF431B6F4C3B005CB59E /* Images.xcassets in Resources */ = {isa = PBXBuildFile; fileRef = 66E7BF421B6F4C3B005CB59E /* Images.xcassets */; };
		66E7BF461B6F4C3B005CB59E /* LaunchScreen.xib in Resources */ = {isa = PBXBuildFile; fileRef = 66E7BF441B6F4C3B005CB59E /* LaunchScreen.xib */; };
		66E7BF521B6F4C3B005CB59E /* BlueSTSDKExampleTests.m in Sources */ = {isa = PBXBuildFile; fileRef = 66E7BF511B6F4C3B005CB59E /* BlueSTSDKExampleTests.m */; };
		66E7BF6F1B6F4D28005CB59E /* BlueSTSDK.framework in Frameworks */ = {isa = PBXBuildFile; fileRef = 66E7BF611B6F4CB6005CB59E /* BlueSTSDK.framework */; };
		66E7BF701B6F4D28005CB59E /* BlueSTSDK.framework in Embed Frameworks */ = {isa = PBXBuildFile; fileRef = 66E7BF611B6F4CB6005CB59E /* BlueSTSDK.framework */; settings = {ATTRIBUTES = (CodeSignOnCopy, RemoveHeadersOnCopy, ); }; };
/* End PBXBuildFile section */

/* Begin PBXContainerItemProxy section */
		66E7BF4C1B6F4C3B005CB59E /* PBXContainerItemProxy */ = {
			isa = PBXContainerItemProxy;
			containerPortal = 66E7BF2A1B6F4C3B005CB59E /* Project object */;
			proxyType = 1;
			remoteGlobalIDString = 66E7BF311B6F4C3B005CB59E;
			remoteInfo = BlueSTSDKExample;
		};
		66E7BF601B6F4CB6005CB59E /* PBXContainerItemProxy */ = {
			isa = PBXContainerItemProxy;
			containerPortal = 66E7BF5B1B6F4CB6005CB59E /* BlueSTSDK.xcodeproj */;
			proxyType = 2;
			remoteGlobalIDString = 665241F01B0B1BB100931F93;
			remoteInfo = BlueSTSDK;
		};
		66E7BF621B6F4CB6005CB59E /* PBXContainerItemProxy */ = {
			isa = PBXContainerItemProxy;
			containerPortal = 66E7BF5B1B6F4CB6005CB59E /* BlueSTSDK.xcodeproj */;
			proxyType = 2;
			remoteGlobalIDString = 665241FB1B0B1BB100931F93;
			remoteInfo = BlueSTSDKTests;
		};
		66E7BF711B6F4D28005CB59E /* PBXContainerItemProxy */ = {
			isa = PBXContainerItemProxy;
			containerPortal = 66E7BF5B1B6F4CB6005CB59E /* BlueSTSDK.xcodeproj */;
			proxyType = 1;
			remoteGlobalIDString = 665241EF1B0B1BB100931F93;
			remoteInfo = BlueSTSDK;
		};
/* End PBXContainerItemProxy section */

/* Begin PBXCopyFilesBuildPhase section */
		66E7BF731B6F4D28005CB59E /* Embed Frameworks */ = {
			isa = PBXCopyFilesBuildPhase;
			buildActionMask = 2147483647;
			dstPath = "";
			dstSubfolderSpec = 10;
			files = (
				66E7BF701B6F4D28005CB59E /* BlueSTSDK.framework in Embed Frameworks */,
			);
			name = "Embed Frameworks";
			runOnlyForDeploymentPostprocessing = 0;
		};
/* End PBXCopyFilesBuildPhase section */

/* Begin PBXFileReference section */
		66123F861B6F537C00F1A3B3 /* DevicesTableViewController.h */ = {isa = PBXFileReference; fileEncoding = 4; lastKnownFileType = sourcecode.c.h; path = DevicesTableViewController.h; sourceTree = "<group>"; };
		66123F871B6F537C00F1A3B3 /* DevicesTableViewController.m */ = {isa = PBXFileReference; fileEncoding = 4; lastKnownFileType = sourcecode.c.objc; path = DevicesTableViewController.m; sourceTree = "<group>"; };
		66123F891B6F53FF00F1A3B3 /* FeatureListTableViewController.h */ = {isa = PBXFileReference; fileEncoding = 4; lastKnownFileType = sourcecode.c.h; path = FeatureListTableViewController.h; sourceTree = "<group>"; };
		66123F8A1B6F53FF00F1A3B3 /* FeatureListTableViewController.m */ = {isa = PBXFileReference; fileEncoding = 4; lastKnownFileType = sourcecode.c.objc; path = FeatureListTableViewController.m; sourceTree = "<group>"; };
		66123F8D1B6F555B00F1A3B3 /* MBProgressHUD.h */ = {isa = PBXFileReference; fileEncoding = 4; lastKnownFileType = sourcecode.c.h; name = MBProgressHUD.h; path = externalSrc/MBProgressHUD.h; sourceTree = "<group>"; };
		66123F8E1B6F555B00F1A3B3 /* MBProgressHUD.m */ = {isa = PBXFileReference; fileEncoding = 4; lastKnownFileType = sourcecode.c.objc; name = MBProgressHUD.m; path = externalSrc/MBProgressHUD.m; sourceTree = "<group>"; };
		66123F901B6F55FE00F1A3B3 /* DeviceTableViewCell.h */ = {isa = PBXFileReference; fileEncoding = 4; lastKnownFileType = sourcecode.c.h; path = DeviceTableViewCell.h; sourceTree = "<group>"; };
		66123F911B6F55FE00F1A3B3 /* DeviceTableViewCell.m */ = {isa = PBXFileReference; fileEncoding = 4; lastKnownFileType = sourcecode.c.objc; path = DeviceTableViewCell.m; sourceTree = "<group>"; };
		662B58801B6F87ED000F5072 /* SettingsTableViewController.h */ = {isa = PBXFileReference; fileEncoding = 4; lastKnownFileType = sourcecode.c.h; path = SettingsTableViewController.h; sourceTree = "<group>"; };
		662B58811B6F87ED000F5072 /* SettingsTableViewController.m */ = {isa = PBXFileReference; fileEncoding = 4; lastKnownFileType = sourcecode.c.objc; path = SettingsTableViewController.m; sourceTree = "<group>"; };
		664335841B6F6E42001B63DE /* ConsoleViewController.h */ = {isa = PBXFileReference; fileEncoding = 4; lastKnownFileType = sourcecode.c.h; path = ConsoleViewController.h; sourceTree = "<group>"; };
		664335851B6F6E42001B63DE /* ConsoleViewController.m */ = {isa = PBXFileReference; fileEncoding = 4; lastKnownFileType = sourcecode.c.objc; path = ConsoleViewController.m; sourceTree = "<group>"; };
		66E7BF321B6F4C3B005CB59E /* BlueSTSDKExample.app */ = {isa = PBXFileReference; explicitFileType = wrapper.application; includeInIndex = 0; path = BlueSTSDKExample.app; sourceTree = BUILT_PRODUCTS_DIR; };
		66E7BF361B6F4C3B005CB59E /* Info.plist */ = {isa = PBXFileReference; lastKnownFileType = text.plist.xml; path = Info.plist; sourceTree = "<group>"; };
		66E7BF371B6F4C3B005CB59E /* main.m */ = {isa = PBXFileReference; lastKnownFileType = sourcecode.c.objc; path = main.m; sourceTree = "<group>"; };
		66E7BF391B6F4C3B005CB59E /* AppDelegate.h */ = {isa = PBXFileReference; lastKnownFileType = sourcecode.c.h; path = AppDelegate.h; sourceTree = "<group>"; };
		66E7BF3A1B6F4C3B005CB59E /* AppDelegate.m */ = {isa = PBXFileReference; lastKnownFileType = sourcecode.c.objc; path = AppDelegate.m; sourceTree = "<group>"; };
		66E7BF401B6F4C3B005CB59E /* Base */ = {isa = PBXFileReference; lastKnownFileType = file.storyboard; name = Base; path = Base.lproj/Main.storyboard; sourceTree = "<group>"; };
		66E7BF421B6F4C3B005CB59E /* Images.xcassets */ = {isa = PBXFileReference; lastKnownFileType = folder.assetcatalog; path = Images.xcassets; sourceTree = "<group>"; };
		66E7BF451B6F4C3B005CB59E /* Base */ = {isa = PBXFileReference; lastKnownFileType = file.xib; name = Base; path = Base.lproj/LaunchScreen.xib; sourceTree = "<group>"; };
		66E7BF4B1B6F4C3B005CB59E /* BlueSTSDKExampleTests.xctest */ = {isa = PBXFileReference; explicitFileType = wrapper.cfbundle; includeInIndex = 0; path = BlueSTSDKExampleTests.xctest; sourceTree = BUILT_PRODUCTS_DIR; };
		66E7BF501B6F4C3B005CB59E /* Info.plist */ = {isa = PBXFileReference; lastKnownFileType = text.plist.xml; path = Info.plist; sourceTree = "<group>"; };
		66E7BF511B6F4C3B005CB59E /* BlueSTSDKExampleTests.m */ = {isa = PBXFileReference; lastKnownFileType = sourcecode.c.objc; path = BlueSTSDKExampleTests.m; sourceTree = "<group>"; };
		66E7BF5B1B6F4CB6005CB59E /* BlueSTSDK.xcodeproj */ = {isa = PBXFileReference; lastKnownFileType = "wrapper.pb-project"; name = BlueSTSDK.xcodeproj; path = ../BlueSTSDK/BlueSTSDK.xcodeproj; sourceTree = "<group>"; };
/* End PBXFileReference section */

/* Begin PBXFrameworksBuildPhase section */
		66E7BF2F1B6F4C3B005CB59E /* Frameworks */ = {
			isa = PBXFrameworksBuildPhase;
			buildActionMask = 2147483647;
			files = (
				66E7BF6F1B6F4D28005CB59E /* BlueSTSDK.framework in Frameworks */,
			);
			runOnlyForDeploymentPostprocessing = 0;
		};
		66E7BF481B6F4C3B005CB59E /* Frameworks */ = {
			isa = PBXFrameworksBuildPhase;
			buildActionMask = 2147483647;
			files = (
			);
			runOnlyForDeploymentPostprocessing = 0;
		};
/* End PBXFrameworksBuildPhase section */

/* Begin PBXGroup section */
		66E7BF291B6F4C3B005CB59E = {
			isa = PBXGroup;
			children = (
				66E7BF5B1B6F4CB6005CB59E /* BlueSTSDK.xcodeproj */,
				66E7BF341B6F4C3B005CB59E /* BlueSTSDKExample */,
				66E7BF4E1B6F4C3B005CB59E /* BlueSTSDKExampleTests */,
				66E7BF331B6F4C3B005CB59E /* Products */,
			);
			sourceTree = "<group>";
		};
		66E7BF331B6F4C3B005CB59E /* Products */ = {
			isa = PBXGroup;
			children = (
				66E7BF321B6F4C3B005CB59E /* BlueSTSDKExample.app */,
				66E7BF4B1B6F4C3B005CB59E /* BlueSTSDKExampleTests.xctest */,
			);
			name = Products;
			sourceTree = "<group>";
		};
		66E7BF341B6F4C3B005CB59E /* BlueSTSDKExample */ = {
			isa = PBXGroup;
			children = (
				66E7BF421B6F4C3B005CB59E /* Images.xcassets */,
				66E7BF3F1B6F4C3B005CB59E /* Main.storyboard */,
				66E7BF441B6F4C3B005CB59E /* LaunchScreen.xib */,
				66123F861B6F537C00F1A3B3 /* DevicesTableViewController.h */,
				66123F871B6F537C00F1A3B3 /* DevicesTableViewController.m */,
				66123F901B6F55FE00F1A3B3 /* DeviceTableViewCell.h */,
				66123F911B6F55FE00F1A3B3 /* DeviceTableViewCell.m */,
				66123F891B6F53FF00F1A3B3 /* FeatureListTableViewController.h */,
				66123F8A1B6F53FF00F1A3B3 /* FeatureListTableViewController.m */,
				664335841B6F6E42001B63DE /* ConsoleViewController.h */,
				664335851B6F6E42001B63DE /* ConsoleViewController.m */,
				662B58801B6F87ED000F5072 /* SettingsTableViewController.h */,
				662B58811B6F87ED000F5072 /* SettingsTableViewController.m */,
				66E7BF391B6F4C3B005CB59E /* AppDelegate.h */,
				66E7BF3A1B6F4C3B005CB59E /* AppDelegate.m */,
				66123F8D1B6F555B00F1A3B3 /* MBProgressHUD.h */,
				66123F8E1B6F555B00F1A3B3 /* MBProgressHUD.m */,
				66E7BF351B6F4C3B005CB59E /* Supporting Files */,
			);
			path = BlueSTSDKExample;
			sourceTree = "<group>";
		};
		66E7BF351B6F4C3B005CB59E /* Supporting Files */ = {
			isa = PBXGroup;
			children = (
				66E7BF361B6F4C3B005CB59E /* Info.plist */,
				66E7BF371B6F4C3B005CB59E /* main.m */,
			);
			name = "Supporting Files";
			sourceTree = "<group>";
		};
		66E7BF4E1B6F4C3B005CB59E /* BlueSTSDKExampleTests */ = {
			isa = PBXGroup;
			children = (
				66E7BF511B6F4C3B005CB59E /* BlueSTSDKExampleTests.m */,
				66E7BF4F1B6F4C3B005CB59E /* Supporting Files */,
			);
			path = BlueSTSDKExampleTests;
			sourceTree = "<group>";
		};
		66E7BF4F1B6F4C3B005CB59E /* Supporting Files */ = {
			isa = PBXGroup;
			children = (
				66E7BF501B6F4C3B005CB59E /* Info.plist */,
			);
			name = "Supporting Files";
			sourceTree = "<group>";
		};
		66E7BF5C1B6F4CB6005CB59E /* Products */ = {
			isa = PBXGroup;
			children = (
				66E7BF611B6F4CB6005CB59E /* BlueSTSDK.framework */,
				66E7BF631B6F4CB6005CB59E /* BlueSTSDKTests.xctest */,
			);
			name = Products;
			sourceTree = "<group>";
		};
/* End PBXGroup section */

/* Begin PBXNativeTarget section */
		66E7BF311B6F4C3B005CB59E /* BlueSTSDKExample */ = {
			isa = PBXNativeTarget;
			buildConfigurationList = 66E7BF551B6F4C3B005CB59E /* Build configuration list for PBXNativeTarget "BlueSTSDKExample" */;
			buildPhases = (
				66E7BF2E1B6F4C3B005CB59E /* Sources */,
				66E7BF2F1B6F4C3B005CB59E /* Frameworks */,
				66E7BF301B6F4C3B005CB59E /* Resources */,
				66E7BF731B6F4D28005CB59E /* Embed Frameworks */,
			);
			buildRules = (
			);
			dependencies = (
				66E7BF721B6F4D28005CB59E /* PBXTargetDependency */,
			);
			name = BlueSTSDKExample;
			productName = BlueSTSDKExample;
			productReference = 66E7BF321B6F4C3B005CB59E /* BlueSTSDKExample.app */;
			productType = "com.apple.product-type.application";
		};
		66E7BF4A1B6F4C3B005CB59E /* BlueSTSDKExampleTests */ = {
			isa = PBXNativeTarget;
			buildConfigurationList = 66E7BF581B6F4C3B005CB59E /* Build configuration list for PBXNativeTarget "BlueSTSDKExampleTests" */;
			buildPhases = (
				66E7BF471B6F4C3B005CB59E /* Sources */,
				66E7BF481B6F4C3B005CB59E /* Frameworks */,
				66E7BF491B6F4C3B005CB59E /* Resources */,
			);
			buildRules = (
			);
			dependencies = (
				66E7BF4D1B6F4C3B005CB59E /* PBXTargetDependency */,
			);
			name = BlueSTSDKExampleTests;
			productName = BlueSTSDKExampleTests;
			productReference = 66E7BF4B1B6F4C3B005CB59E /* BlueSTSDKExampleTests.xctest */;
			productType = "com.apple.product-type.bundle.unit-test";
		};
/* End PBXNativeTarget section */

/* Begin PBXProject section */
		66E7BF2A1B6F4C3B005CB59E /* Project object */ = {
			isa = PBXProject;
			attributes = {
				LastUpgradeCheck = 0820;
				ORGANIZATIONNAME = STCentralLab;
				TargetAttributes = {
					66E7BF311B6F4C3B005CB59E = {
						CreatedOnToolsVersion = 6.4;
						DevelopmentTeam = 9L4QA9SNQK;
					};
					66E7BF4A1B6F4C3B005CB59E = {
						CreatedOnToolsVersion = 6.4;
						TestTargetID = 66E7BF311B6F4C3B005CB59E;
					};
				};
			};
			buildConfigurationList = 66E7BF2D1B6F4C3B005CB59E /* Build configuration list for PBXProject "BlueSTSDKExample" */;
			compatibilityVersion = "Xcode 3.2";
			developmentRegion = English;
			hasScannedForEncodings = 0;
			knownRegions = (
				en,
				Base,
			);
			mainGroup = 66E7BF291B6F4C3B005CB59E;
			productRefGroup = 66E7BF331B6F4C3B005CB59E /* Products */;
			projectDirPath = "";
			projectReferences = (
				{
					ProductGroup = 66E7BF5C1B6F4CB6005CB59E /* Products */;
					ProjectRef = 66E7BF5B1B6F4CB6005CB59E /* BlueSTSDK.xcodeproj */;
				},
			);
			projectRoot = "";
			targets = (
				66E7BF311B6F4C3B005CB59E /* BlueSTSDKExample */,
				66E7BF4A1B6F4C3B005CB59E /* BlueSTSDKExampleTests */,
			);
		};
/* End PBXProject section */

/* Begin PBXReferenceProxy section */
		66E7BF611B6F4CB6005CB59E /* BlueSTSDK.framework */ = {
			isa = PBXReferenceProxy;
			fileType = wrapper.framework;
			path = BlueSTSDK.framework;
			remoteRef = 66E7BF601B6F4CB6005CB59E /* PBXContainerItemProxy */;
			sourceTree = BUILT_PRODUCTS_DIR;
		};
		66E7BF631B6F4CB6005CB59E /* BlueSTSDKTests.xctest */ = {
			isa = PBXReferenceProxy;
			fileType = wrapper.cfbundle;
			path = BlueSTSDKTests.xctest;
			remoteRef = 66E7BF621B6F4CB6005CB59E /* PBXContainerItemProxy */;
			sourceTree = BUILT_PRODUCTS_DIR;
		};
/* End PBXReferenceProxy section */

/* Begin PBXResourcesBuildPhase section */
		66E7BF301B6F4C3B005CB59E /* Resources */ = {
			isa = PBXResourcesBuildPhase;
			buildActionMask = 2147483647;
			files = (
				66E7BF411B6F4C3B005CB59E /* Main.storyboard in Resources */,
				66E7BF461B6F4C3B005CB59E /* LaunchScreen.xib in Resources */,
				66E7BF431B6F4C3B005CB59E /* Images.xcassets in Resources */,
			);
			runOnlyForDeploymentPostprocessing = 0;
		};
		66E7BF491B6F4C3B005CB59E /* Resources */ = {
			isa = PBXResourcesBuildPhase;
			buildActionMask = 2147483647;
			files = (
			);
			runOnlyForDeploymentPostprocessing = 0;
		};
/* End PBXResourcesBuildPhase section */

/* Begin PBXSourcesBuildPhase section */
		66E7BF2E1B6F4C3B005CB59E /* Sources */ = {
			isa = PBXSourcesBuildPhase;
			buildActionMask = 2147483647;
			files = (
				66123F8B1B6F53FF00F1A3B3 /* FeatureListTableViewController.m in Sources */,
				66123F8F1B6F555B00F1A3B3 /* MBProgressHUD.m in Sources */,
				66123F921B6F55FE00F1A3B3 /* DeviceTableViewCell.m in Sources */,
				662B58821B6F87ED000F5072 /* SettingsTableViewController.m in Sources */,
				664335861B6F6E42001B63DE /* ConsoleViewController.m in Sources */,
				66123F881B6F537C00F1A3B3 /* DevicesTableViewController.m in Sources */,
				66E7BF3B1B6F4C3B005CB59E /* AppDelegate.m in Sources */,
				66E7BF381B6F4C3B005CB59E /* main.m in Sources */,
			);
			runOnlyForDeploymentPostprocessing = 0;
		};
		66E7BF471B6F4C3B005CB59E /* Sources */ = {
			isa = PBXSourcesBuildPhase;
			buildActionMask = 2147483647;
			files = (
				66E7BF521B6F4C3B005CB59E /* BlueSTSDKExampleTests.m in Sources */,
			);
			runOnlyForDeploymentPostprocessing = 0;
		};
/* End PBXSourcesBuildPhase section */

/* Begin PBXTargetDependency section */
		66E7BF4D1B6F4C3B005CB59E /* PBXTargetDependency */ = {
			isa = PBXTargetDependency;
			target = 66E7BF311B6F4C3B005CB59E /* BlueSTSDKExample */;
			targetProxy = 66E7BF4C1B6F4C3B005CB59E /* PBXContainerItemProxy */;
		};
		66E7BF721B6F4D28005CB59E /* PBXTargetDependency */ = {
			isa = PBXTargetDependency;
			name = BlueSTSDK;
			targetProxy = 66E7BF711B6F4D28005CB59E /* PBXContainerItemProxy */;
		};
/* End PBXTargetDependency section */

/* Begin PBXVariantGroup section */
		66E7BF3F1B6F4C3B005CB59E /* Main.storyboard */ = {
			isa = PBXVariantGroup;
			children = (
				66E7BF401B6F4C3B005CB59E /* Base */,
			);
			name = Main.storyboard;
			sourceTree = "<group>";
		};
		66E7BF441B6F4C3B005CB59E /* LaunchScreen.xib */ = {
			isa = PBXVariantGroup;
			children = (
				66E7BF451B6F4C3B005CB59E /* Base */,
			);
			name = LaunchScreen.xib;
			sourceTree = "<group>";
		};
/* End PBXVariantGroup section */

/* Begin XCBuildConfiguration section */
		66E7BF531B6F4C3B005CB59E /* Debug */ = {
			isa = XCBuildConfiguration;
			buildSettings = {
				ALWAYS_SEARCH_USER_PATHS = NO;
				CLANG_CXX_LANGUAGE_STANDARD = "gnu++0x";
				CLANG_CXX_LIBRARY = "libc++";
				CLANG_ENABLE_MODULES = YES;
				CLANG_ENABLE_OBJC_ARC = YES;
				CLANG_WARN_BOOL_CONVERSION = YES;
				CLANG_WARN_CONSTANT_CONVERSION = YES;
				CLANG_WARN_DIRECT_OBJC_ISA_USAGE = YES_ERROR;
				CLANG_WARN_EMPTY_BODY = YES;
				CLANG_WARN_ENUM_CONVERSION = YES;
				CLANG_WARN_INFINITE_RECURSION = YES;
				CLANG_WARN_INT_CONVERSION = YES;
				CLANG_WARN_OBJC_ROOT_CLASS = YES_ERROR;
				CLANG_WARN_SUSPICIOUS_MOVE = YES;
				CLANG_WARN_UNREACHABLE_CODE = YES;
				CLANG_WARN__DUPLICATE_METHOD_MATCH = YES;
				"CODE_SIGN_IDENTITY[sdk=iphoneos*]" = "iPhone Developer";
				COPY_PHASE_STRIP = NO;
				DEBUG_INFORMATION_FORMAT = "dwarf-with-dsym";
				ENABLE_STRICT_OBJC_MSGSEND = YES;
				ENABLE_TESTABILITY = YES;
				GCC_C_LANGUAGE_STANDARD = gnu99;
				GCC_DYNAMIC_NO_PIC = NO;
				GCC_NO_COMMON_BLOCKS = YES;
				GCC_OPTIMIZATION_LEVEL = 0;
				GCC_PREPROCESSOR_DEFINITIONS = (
					"DEBUG=1",
					"$(inherited)",
				);
				GCC_SYMBOLS_PRIVATE_EXTERN = NO;
				GCC_WARN_64_TO_32_BIT_CONVERSION = YES;
				GCC_WARN_ABOUT_RETURN_TYPE = YES_ERROR;
				GCC_WARN_UNDECLARED_SELECTOR = YES;
				GCC_WARN_UNINITIALIZED_AUTOS = YES_AGGRESSIVE;
				GCC_WARN_UNUSED_FUNCTION = YES;
				GCC_WARN_UNUSED_VARIABLE = YES;
				IPHONEOS_DEPLOYMENT_TARGET = 8.0;
				MTL_ENABLE_DEBUG_INFO = YES;
				ONLY_ACTIVE_ARCH = YES;
				SDKROOT = iphoneos;
				TARGETED_DEVICE_FAMILY = "1,2";
			};
			name = Debug;
		};
		66E7BF541B6F4C3B005CB59E /* Release */ = {
			isa = XCBuildConfiguration;
			buildSettings = {
				ALWAYS_SEARCH_USER_PATHS = NO;
				CLANG_CXX_LANGUAGE_STANDARD = "gnu++0x";
				CLANG_CXX_LIBRARY = "libc++";
				CLANG_ENABLE_MODULES = YES;
				CLANG_ENABLE_OBJC_ARC = YES;
				CLANG_WARN_BOOL_CONVERSION = YES;
				CLANG_WARN_CONSTANT_CONVERSION = YES;
				CLANG_WARN_DIRECT_OBJC_ISA_USAGE = YES_ERROR;
				CLANG_WARN_EMPTY_BODY = YES;
				CLANG_WARN_ENUM_CONVERSION = YES;
				CLANG_WARN_INFINITE_RECURSION = YES;
				CLANG_WARN_INT_CONVERSION = YES;
				CLANG_WARN_OBJC_ROOT_CLASS = YES_ERROR;
				CLANG_WARN_SUSPICIOUS_MOVE = YES;
				CLANG_WARN_UNREACHABLE_CODE = YES;
				CLANG_WARN__DUPLICATE_METHOD_MATCH = YES;
				"CODE_SIGN_IDENTITY[sdk=iphoneos*]" = "iPhone Developer";
				COPY_PHASE_STRIP = NO;
				DEBUG_INFORMATION_FORMAT = "dwarf-with-dsym";
				ENABLE_NS_ASSERTIONS = NO;
				ENABLE_STRICT_OBJC_MSGSEND = YES;
				GCC_C_LANGUAGE_STANDARD = gnu99;
				GCC_NO_COMMON_BLOCKS = YES;
				GCC_WARN_64_TO_32_BIT_CONVERSION = YES;
				GCC_WARN_ABOUT_RETURN_TYPE = YES_ERROR;
				GCC_WARN_UNDECLARED_SELECTOR = YES;
				GCC_WARN_UNINITIALIZED_AUTOS = YES_AGGRESSIVE;
				GCC_WARN_UNUSED_FUNCTION = YES;
				GCC_WARN_UNUSED_VARIABLE = YES;
				IPHONEOS_DEPLOYMENT_TARGET = 8.0;
				MTL_ENABLE_DEBUG_INFO = NO;
				SDKROOT = iphoneos;
				TARGETED_DEVICE_FAMILY = "1,2";
				VALIDATE_PRODUCT = YES;
			};
			name = Release;
		};
		66E7BF561B6F4C3B005CB59E /* Debug */ = {
			isa = XCBuildConfiguration;
			buildSettings = {
				ASSETCATALOG_COMPILER_APPICON_NAME = AppIcon;
				CODE_SIGN_IDENTITY = "iPhone Developer";
				INFOPLIST_FILE = BlueSTSDKExample/Info.plist;
				LD_RUNPATH_SEARCH_PATHS = "$(inherited) @executable_path/Frameworks";
				PRODUCT_BUNDLE_IDENTIFIER = "com.st.$(PRODUCT_NAME:rfc1034identifier)";
				PRODUCT_NAME = "$(TARGET_NAME)";
			};
			name = Debug;
		};
		66E7BF571B6F4C3B005CB59E /* Release */ = {
			isa = XCBuildConfiguration;
			buildSettings = {
				ASSETCATALOG_COMPILER_APPICON_NAME = AppIcon;
				CODE_SIGN_IDENTITY = "iPhone Developer";
				INFOPLIST_FILE = BlueSTSDKExample/Info.plist;
				LD_RUNPATH_SEARCH_PATHS = "$(inherited) @executable_path/Frameworks";
				PRODUCT_BUNDLE_IDENTIFIER = "com.st.$(PRODUCT_NAME:rfc1034identifier)";
				PRODUCT_NAME = "$(TARGET_NAME)";
			};
			name = Release;
		};
		66E7BF591B6F4C3B005CB59E /* Debug */ = {
			isa = XCBuildConfiguration;
			buildSettings = {
				BUNDLE_LOADER = "$(TEST_HOST)";
				FRAMEWORK_SEARCH_PATHS = (
					"$(SDKROOT)/Developer/Library/Frameworks",
					"$(inherited)",
				);
				GCC_PREPROCESSOR_DEFINITIONS = (
					"DEBUG=1",
					"$(inherited)",
				);
				INFOPLIST_FILE = BlueSTSDKExampleTests/Info.plist;
				LD_RUNPATH_SEARCH_PATHS = "$(inherited) @executable_path/Frameworks @loader_path/Frameworks";
				PRODUCT_BUNDLE_IDENTIFIER = "com.st.$(PRODUCT_NAME:rfc1034identifier)";
				PRODUCT_NAME = "$(TARGET_NAME)";
				TEST_HOST = "$(BUILT_PRODUCTS_DIR)/BlueSTSDKExample.app/BlueSTSDKExample";
			};
			name = Debug;
		};
		66E7BF5A1B6F4C3B005CB59E /* Release */ = {
			isa = XCBuildConfiguration;
			buildSettings = {
				BUNDLE_LOADER = "$(TEST_HOST)";
				FRAMEWORK_SEARCH_PATHS = (
					"$(SDKROOT)/Developer/Library/Frameworks",
					"$(inherited)",
				);
				INFOPLIST_FILE = BlueSTSDKExampleTests/Info.plist;
				LD_RUNPATH_SEARCH_PATHS = "$(inherited) @executable_path/Frameworks @loader_path/Frameworks";
				PRODUCT_BUNDLE_IDENTIFIER = "com.st.$(PRODUCT_NAME:rfc1034identifier)";
				PRODUCT_NAME = "$(TARGET_NAME)";
				TEST_HOST = "$(BUILT_PRODUCTS_DIR)/BlueSTSDKExample.app/BlueSTSDKExample";
			};
			name = Release;
		};
/* End XCBuildConfiguration section */

/* Begin XCConfigurationList section */
		66E7BF2D1B6F4C3B005CB59E /* Build configuration list for PBXProject "BlueSTSDKExample" */ = {
			isa = XCConfigurationList;
			buildConfigurations = (
				66E7BF531B6F4C3B005CB59E /* Debug */,
				66E7BF541B6F4C3B005CB59E /* Release */,
			);
			defaultConfigurationIsVisible = 0;
			defaultConfigurationName = Release;
		};
		66E7BF551B6F4C3B005CB59E /* Build configuration list for PBXNativeTarget "BlueSTSDKExample" */ = {
			isa = XCConfigurationList;
			buildConfigurations = (
				66E7BF561B6F4C3B005CB59E /* Debug */,
				66E7BF571B6F4C3B005CB59E /* Release */,
			);
			defaultConfigurationIsVisible = 0;
			defaultConfigurationName = Release;
		};
		66E7BF581B6F4C3B005CB59E /* Build configuration list for PBXNativeTarget "BlueSTSDKExampleTests" */ = {
			isa = XCConfigurationList;
			buildConfigurations = (
				66E7BF591B6F4C3B005CB59E /* Debug */,
				66E7BF5A1B6F4C3B005CB59E /* Release */,
			);
			defaultConfigurationIsVisible = 0;
			defaultConfigurationName = Release;
		};
/* End XCConfigurationList section */
	};
	rootObject = 66E7BF2A1B6F4C3B005CB59E /* Project object */;
}
