{
  "pins" : [
    {
      "identity" : "core-plot",
      "kind" : "remoteSourceControl",
      "location" : "https://github.com/core-plot/core-plot.git",
      "state" : {
        "branch" : "release-2.4",
        "revision" : "51aa4a006b4d44f46f821cbacd5a14f3c6a8a272"
      }
    },
    {
      "identity" : "ios_module_stcore",
      "kind" : "remoteSourceControl",
      "location" : "https://github.com/PRG-SWP/iOS_Module_STCore.git",
      "state" : {
        "branch" : "main",
        "revision" : "daa4c1d9cfa0dd20e8edc71e506135b43195e9c0"
      }
    },
    {
      "identity" : "ios_module_stui",
      "kind" : "remoteSourceControl",
      "location" : "https://github.com/PRG-SWP/iOS_Module_STUI.git",
      "state" : {
        "branch" : "main",
        "revision" : "97138526fb36b8f7674f88d1e4c59c895efe3a01"
      }
    },
    {
      "identity" : "iqkeyboardmanager",
      "kind" : "remoteSourceControl",
      "location" : "https://github.com/hackiftekhar/IQKeyboardManager.git",
      "state" : {
        "revision" : "c00b1ae9fa1ad8af4465bb6ca901f6943fc98eba",
        "version" : "6.5.16"
      }
    },
    {
      "identity" : "jgprogresshud",
      "kind" : "remoteSourceControl",
      "location" : "https://github.com/JonasGessner/JGProgressHUD",
      "state" : {
        "revision" : "78d7cd35f1d90ff74fd82e486f2cbe4b24be8cf9",
        "version" : "2.2.0"
      }
    },
    {
      "identity" : "jwtdecode.swift",
      "kind" : "remoteSourceControl",
      "location" : "https://github.com/auth0/JWTDecode.swift.git",
      "state" : {
        "revision" : "36a5ce735a61c4bc119593f43ce2c027b4ca7392",
        "version" : "3.3.0"
      }
    },
    {
      "identity" : "keychainaccess",
      "kind" : "remoteSourceControl",
      "location" : "https://github.com/kishikawakatsumi/KeychainAccess.git",
      "state" : {
        "revision" : "84e546727d66f1adc5439debad16270d0fdd04e7",
        "version" : "4.2.2"
      }
    },
    {
      "identity" : "opus-swift",
      "kind" : "remoteSourceControl",
      "location" : "https://github.com/ybrid/opus-swift.git",
      "state" : {
        "revision" : "92e76803ce7efc8e8903433cfd5f7f68938534ba",
        "version" : "0.8.0"
      }
    },
    {
      "identity" : "progresshud",
      "kind" : "remoteSourceControl",
      "location" : "https://github.com/relatedcode/ProgressHUD.git",
      "state" : {
        "revision" : "46792db49f80454879a939f9b2be31bb61c37b0c",
        "version" : "13.8.6"
      }
    }
  ],
  "version" : 2
}
