{
  "pins" : [
    {
      "identity" : "core-plot",
      "kind" : "remoteSourceControl",
      "location" : "https://github.com/core-plot/core-plot.git",
      "state" : {
        "branch" : "release-2.4",
        "revision" : "12e6792dcb3a2edfa28796be57b0f48b79109338"
      }
    },
    {
      "identity" : "ios_module_stcore",
      "kind" : "localSourceControl",
      "location" : "/Users/giuseppe/git/_STMicroelectronics/BlueSTSDK_iOS/Packages/iOS_Module_STCore",
      "state" : {
        "revision" : "be26511a6cba72bcfffc0bbb09f0ca86e4407377",
        "version" : "0.1.0"
      }
    },
    {
      "identity" : "jgprogresshud",
      "kind" : "remoteSourceControl",
      "location" : "https://github.com/JonasGessner/JGProgressHUD",
      "state" : {
        "revision" : "78d7cd35f1d90ff74fd82e486f2cbe4b24be8cf9",
        "version" : "2.2.0"
      }
    },
    {
      "identity" : "opus-swift",
      "kind" : "remoteSourceControl",
      "location" : "https://github.com/ybrid/opus-swift.git",
      "state" : {
        "revision" : "92e76803ce7efc8e8903433cfd5f7f68938534ba",
        "version" : "0.8.0"
      }
    }
  ],
  "version" : 2
}
